// !$*UTF8*$!
{
	archiveVersion = 1;
	classes = {
	};
	objectVersion = 50;
	objects = {

/* Begin PBXBuildFile section */
		9927668025C12DFC0005023C /* Ideas.swift in Sources */ = {isa = PBXBuildFile; fileRef = 9927667F25C12DFC0005023C /* Ideas.swift */; };
		9927668525C20C590005023C /* Groups.swift in Sources */ = {isa = PBXBuildFile; fileRef = 9927668425C20C580005023C /* Groups.swift */; };
		9927668A25C213A70005023C /* Reminders.swift in Sources */ = {isa = PBXBuildFile; fileRef = 9927668925C213A70005023C /* Reminders.swift */; };
		997D84ED25BC39E7002CB024 /* Test.swift in Sources */ = {isa = PBXBuildFile; fileRef = 997D84EC25BC39E7002CB024 /* Test.swift */; };
		99C344F125B9F90900C97D4E /* Create.swift in Sources */ = {isa = PBXBuildFile; fileRef = 99C344F025B9F90900C97D4E /* Create.swift */; };
		99CD4BCA25BFB04E0029F3EE /* SplashScreen.swift in Sources */ = {isa = PBXBuildFile; fileRef = 99CD4BC925BFB04E0029F3EE /* SplashScreen.swift */; };
		99CD4BCF25BFB25D0029F3EE /* Settings.swift in Sources */ = {isa = PBXBuildFile; fileRef = 99CD4BCE25BFB25D0029F3EE /* Settings.swift */; };
		99DDEAC425B7EB9C00351D19 /* AppDelegate.swift in Sources */ = {isa = PBXBuildFile; fileRef = 99DDEAC325B7EB9C00351D19 /* AppDelegate.swift */; };
		99DDEAC625B7EB9C00351D19 /* SceneDelegate.swift in Sources */ = {isa = PBXBuildFile; fileRef = 99DDEAC525B7EB9C00351D19 /* SceneDelegate.swift */; };
		99DDEAC825B7EB9C00351D19 /* Home.swift in Sources */ = {isa = PBXBuildFile; fileRef = 99DDEAC725B7EB9C00351D19 /* Home.swift */; };
		99DDEACA25B7EB9D00351D19 /* Assets.xcassets in Resources */ = {isa = PBXBuildFile; fileRef = 99DDEAC925B7EB9D00351D19 /* Assets.xcassets */; };
		99DDEACD25B7EB9D00351D19 /* Preview Assets.xcassets in Resources */ = {isa = PBXBuildFile; fileRef = 99DDEACC25B7EB9D00351D19 /* Preview Assets.xcassets */; };
		99DDEAD025B7EB9D00351D19 /* LaunchScreen.storyboard in Resources */ = {isa = PBXBuildFile; fileRef = 99DDEACE25B7EB9D00351D19 /* LaunchScreen.storyboard */; };
		99DDEADB25B7EB9D00351D19 /* HabitappTests.swift in Sources */ = {isa = PBXBuildFile; fileRef = 99DDEADA25B7EB9D00351D19 /* HabitappTests.swift */; };
		99DDEAE625B7EB9D00351D19 /* HabitappUITests.swift in Sources */ = {isa = PBXBuildFile; fileRef = 99DDEAE525B7EB9D00351D19 /* HabitappUITests.swift */; };
/* End PBXBuildFile section */

/* Begin PBXContainerItemProxy section */
		99DDEAD725B7EB9D00351D19 /* PBXContainerItemProxy */ = {
			isa = PBXContainerItemProxy;
			containerPortal = 99DDEAB825B7EB9C00351D19 /* Project object */;
			proxyType = 1;
			remoteGlobalIDString = 99DDEABF25B7EB9C00351D19;
			remoteInfo = Habitapp;
		};
		99DDEAE225B7EB9D00351D19 /* PBXContainerItemProxy */ = {
			isa = PBXContainerItemProxy;
			containerPortal = 99DDEAB825B7EB9C00351D19 /* Project object */;
			proxyType = 1;
			remoteGlobalIDString = 99DDEABF25B7EB9C00351D19;
			remoteInfo = Habitapp;
		};
/* End PBXContainerItemProxy section */

/* Begin PBXFileReference section */
		9927667F25C12DFC0005023C /* Ideas.swift */ = {isa = PBXFileReference; lastKnownFileType = sourcecode.swift; path = Ideas.swift; sourceTree = "<group>"; };
		9927668425C20C580005023C /* Groups.swift */ = {isa = PBXFileReference; lastKnownFileType = sourcecode.swift; path = Groups.swift; sourceTree = "<group>"; };
		9927668925C213A70005023C /* Reminders.swift */ = {isa = PBXFileReference; lastKnownFileType = sourcecode.swift; path = Reminders.swift; sourceTree = "<group>"; };
		997D84EC25BC39E7002CB024 /* Test.swift */ = {isa = PBXFileReference; lastKnownFileType = sourcecode.swift; path = Test.swift; sourceTree = "<group>"; };
		99C344F025B9F90900C97D4E /* Create.swift */ = {isa = PBXFileReference; lastKnownFileType = sourcecode.swift; path = Create.swift; sourceTree = "<group>"; };
		99CD4BC925BFB04E0029F3EE /* SplashScreen.swift */ = {isa = PBXFileReference; lastKnownFileType = sourcecode.swift; path = SplashScreen.swift; sourceTree = "<group>"; };
		99CD4BCE25BFB25D0029F3EE /* Settings.swift */ = {isa = PBXFileReference; lastKnownFileType = sourcecode.swift; path = Settings.swift; sourceTree = "<group>"; };
		99DDEAC025B7EB9C00351D19 /* Habitapp.app */ = {isa = PBXFileReference; explicitFileType = wrapper.application; includeInIndex = 0; path = Habitapp.app; sourceTree = BUILT_PRODUCTS_DIR; };
		99DDEAC325B7EB9C00351D19 /* AppDelegate.swift */ = {isa = PBXFileReference; lastKnownFileType = sourcecode.swift; path = AppDelegate.swift; sourceTree = "<group>"; };
		99DDEAC525B7EB9C00351D19 /* SceneDelegate.swift */ = {isa = PBXFileReference; lastKnownFileType = sourcecode.swift; path = SceneDelegate.swift; sourceTree = "<group>"; };
		99DDEAC725B7EB9C00351D19 /* Home.swift */ = {isa = PBXFileReference; lastKnownFileType = sourcecode.swift; path = Home.swift; sourceTree = "<group>"; };
		99DDEAC925B7EB9D00351D19 /* Assets.xcassets */ = {isa = PBXFileReference; lastKnownFileType = folder.assetcatalog; path = Assets.xcassets; sourceTree = "<group>"; };
		99DDEACC25B7EB9D00351D19 /* Preview Assets.xcassets */ = {isa = PBXFileReference; lastKnownFileType = folder.assetcatalog; path = "Preview Assets.xcassets"; sourceTree = "<group>"; };
		99DDEACF25B7EB9D00351D19 /* Base */ = {isa = PBXFileReference; lastKnownFileType = file.storyboard; name = Base; path = Base.lproj/LaunchScreen.storyboard; sourceTree = "<group>"; };
		99DDEAD125B7EB9D00351D19 /* Info.plist */ = {isa = PBXFileReference; lastKnownFileType = text.plist.xml; path = Info.plist; sourceTree = "<group>"; };
		99DDEAD625B7EB9D00351D19 /* HabitappTests.xctest */ = {isa = PBXFileReference; explicitFileType = wrapper.cfbundle; includeInIndex = 0; path = HabitappTests.xctest; sourceTree = BUILT_PRODUCTS_DIR; };
		99DDEADA25B7EB9D00351D19 /* HabitappTests.swift */ = {isa = PBXFileReference; lastKnownFileType = sourcecode.swift; path = HabitappTests.swift; sourceTree = "<group>"; };
		99DDEADC25B7EB9D00351D19 /* Info.plist */ = {isa = PBXFileReference; lastKnownFileType = text.plist.xml; path = Info.plist; sourceTree = "<group>"; };
		99DDEAE125B7EB9D00351D19 /* HabitappUITests.xctest */ = {isa = PBXFileReference; explicitFileType = wrapper.cfbundle; includeInIndex = 0; path = HabitappUITests.xctest; sourceTree = BUILT_PRODUCTS_DIR; };
		99DDEAE525B7EB9D00351D19 /* HabitappUITests.swift */ = {isa = PBXFileReference; lastKnownFileType = sourcecode.swift; path = HabitappUITests.swift; sourceTree = "<group>"; };
		99DDEAE725B7EB9D00351D19 /* Info.plist */ = {isa = PBXFileReference; lastKnownFileType = text.plist.xml; path = Info.plist; sourceTree = "<group>"; };
/* End PBXFileReference section */

/* Begin PBXFrameworksBuildPhase section */
		99DDEABD25B7EB9C00351D19 /* Frameworks */ = {
			isa = PBXFrameworksBuildPhase;
			buildActionMask = 2147483647;
			files = (
			);
			runOnlyForDeploymentPostprocessing = 0;
		};
		99DDEAD325B7EB9D00351D19 /* Frameworks */ = {
			isa = PBXFrameworksBuildPhase;
			buildActionMask = 2147483647;
			files = (
			);
			runOnlyForDeploymentPostprocessing = 0;
		};
		99DDEADE25B7EB9D00351D19 /* Frameworks */ = {
			isa = PBXFrameworksBuildPhase;
			buildActionMask = 2147483647;
			files = (
			);
			runOnlyForDeploymentPostprocessing = 0;
		};
/* End PBXFrameworksBuildPhase section */

/* Begin PBXGroup section */
		99DDEAB725B7EB9C00351D19 = {
			isa = PBXGroup;
			children = (
				99DDEAC225B7EB9C00351D19 /* Habitapp */,
				99DDEAD925B7EB9D00351D19 /* HabitappTests */,
				99DDEAE425B7EB9D00351D19 /* HabitappUITests */,
				99DDEAC125B7EB9C00351D19 /* Products */,
			);
			sourceTree = "<group>";
		};
		99DDEAC125B7EB9C00351D19 /* Products */ = {
			isa = PBXGroup;
			children = (
				99DDEAC025B7EB9C00351D19 /* Habitapp.app */,
				99DDEAD625B7EB9D00351D19 /* HabitappTests.xctest */,
				99DDEAE125B7EB9D00351D19 /* HabitappUITests.xctest */,
			);
			name = Products;
			sourceTree = "<group>";
		};
		99DDEAC225B7EB9C00351D19 /* Habitapp */ = {
			isa = PBXGroup;
			children = (
				99DDEAC325B7EB9C00351D19 /* AppDelegate.swift */,
				99DDEAC525B7EB9C00351D19 /* SceneDelegate.swift */,
				99DDEAC725B7EB9C00351D19 /* Home.swift */,
				99C344F025B9F90900C97D4E /* Create.swift */,
				99CD4BC925BFB04E0029F3EE /* SplashScreen.swift */,
				997D84EC25BC39E7002CB024 /* Test.swift */,
				9927667F25C12DFC0005023C /* Ideas.swift */,
				99CD4BCE25BFB25D0029F3EE /* Settings.swift */,
				9927668425C20C580005023C /* Groups.swift */,
				9927668925C213A70005023C /* Reminders.swift */,
				99DDEAC925B7EB9D00351D19 /* Assets.xcassets */,
				99DDEACE25B7EB9D00351D19 /* LaunchScreen.storyboard */,
				99DDEAD125B7EB9D00351D19 /* Info.plist */,
				99DDEACB25B7EB9D00351D19 /* Preview Content */,
			);
			path = Habitapp;
			sourceTree = "<group>";
		};
		99DDEACB25B7EB9D00351D19 /* Preview Content */ = {
			isa = PBXGroup;
			children = (
				99DDEACC25B7EB9D00351D19 /* Preview Assets.xcassets */,
			);
			path = "Preview Content";
			sourceTree = "<group>";
		};
		99DDEAD925B7EB9D00351D19 /* HabitappTests */ = {
			isa = PBXGroup;
			children = (
				99DDEADA25B7EB9D00351D19 /* HabitappTests.swift */,
				99DDEADC25B7EB9D00351D19 /* Info.plist */,
			);
			path = HabitappTests;
			sourceTree = "<group>";
		};
		99DDEAE425B7EB9D00351D19 /* HabitappUITests */ = {
			isa = PBXGroup;
			children = (
				99DDEAE525B7EB9D00351D19 /* HabitappUITests.swift */,
				99DDEAE725B7EB9D00351D19 /* Info.plist */,
			);
			path = HabitappUITests;
			sourceTree = "<group>";
		};
/* End PBXGroup section */

/* Begin PBXNativeTarget section */
		99DDEABF25B7EB9C00351D19 /* Habitapp */ = {
			isa = PBXNativeTarget;
			buildConfigurationList = 99DDEAEA25B7EB9D00351D19 /* Build configuration list for PBXNativeTarget "Habitapp" */;
			buildPhases = (
				99DDEABC25B7EB9C00351D19 /* Sources */,
				99DDEABD25B7EB9C00351D19 /* Frameworks */,
				99DDEABE25B7EB9C00351D19 /* Resources */,
			);
			buildRules = (
			);
			dependencies = (
			);
			name = Habitapp;
			productName = Habitapp;
			productReference = 99DDEAC025B7EB9C00351D19 /* Habitapp.app */;
			productType = "com.apple.product-type.application";
		};
		99DDEAD525B7EB9D00351D19 /* HabitappTests */ = {
			isa = PBXNativeTarget;
			buildConfigurationList = 99DDEAED25B7EB9D00351D19 /* Build configuration list for PBXNativeTarget "HabitappTests" */;
			buildPhases = (
				99DDEAD225B7EB9D00351D19 /* Sources */,
				99DDEAD325B7EB9D00351D19 /* Frameworks */,
				99DDEAD425B7EB9D00351D19 /* Resources */,
			);
			buildRules = (
			);
			dependencies = (
				99DDEAD825B7EB9D00351D19 /* PBXTargetDependency */,
			);
			name = HabitappTests;
			productName = HabitappTests;
			productReference = 99DDEAD625B7EB9D00351D19 /* HabitappTests.xctest */;
			productType = "com.apple.product-type.bundle.unit-test";
		};
		99DDEAE025B7EB9D00351D19 /* HabitappUITests */ = {
			isa = PBXNativeTarget;
			buildConfigurationList = 99DDEAF025B7EB9D00351D19 /* Build configuration list for PBXNativeTarget "HabitappUITests" */;
			buildPhases = (
				99DDEADD25B7EB9D00351D19 /* Sources */,
				99DDEADE25B7EB9D00351D19 /* Frameworks */,
				99DDEADF25B7EB9D00351D19 /* Resources */,
			);
			buildRules = (
			);
			dependencies = (
				99DDEAE325B7EB9D00351D19 /* PBXTargetDependency */,
			);
			name = HabitappUITests;
			productName = HabitappUITests;
			productReference = 99DDEAE125B7EB9D00351D19 /* HabitappUITests.xctest */;
			productType = "com.apple.product-type.bundle.ui-testing";
		};
/* End PBXNativeTarget section */

/* Begin PBXProject section */
		99DDEAB825B7EB9C00351D19 /* Project object */ = {
			isa = PBXProject;
			attributes = {
				LastSwiftUpdateCheck = 1230;
				LastUpgradeCheck = 1230;
				TargetAttributes = {
					99DDEABF25B7EB9C00351D19 = {
						CreatedOnToolsVersion = 12.3;
					};
					99DDEAD525B7EB9D00351D19 = {
						CreatedOnToolsVersion = 12.3;
						TestTargetID = 99DDEABF25B7EB9C00351D19;
					};
					99DDEAE025B7EB9D00351D19 = {
						CreatedOnToolsVersion = 12.3;
						TestTargetID = 99DDEABF25B7EB9C00351D19;
					};
				};
			};
			buildConfigurationList = 99DDEABB25B7EB9C00351D19 /* Build configuration list for PBXProject "Habitapp" */;
			compatibilityVersion = "Xcode 9.3";
			developmentRegion = en;
			hasScannedForEncodings = 0;
			knownRegions = (
				en,
				Base,
			);
			mainGroup = 99DDEAB725B7EB9C00351D19;
			productRefGroup = 99DDEAC125B7EB9C00351D19 /* Products */;
			projectDirPath = "";
			projectRoot = "";
			targets = (
				99DDEABF25B7EB9C00351D19 /* Habitapp */,
				99DDEAD525B7EB9D00351D19 /* HabitappTests */,
				99DDEAE025B7EB9D00351D19 /* HabitappUITests */,
			);
		};
/* End PBXProject section */

/* Begin PBXResourcesBuildPhase section */
		99DDEABE25B7EB9C00351D19 /* Resources */ = {
			isa = PBXResourcesBuildPhase;
			buildActionMask = 2147483647;
			files = (
				99DDEAD025B7EB9D00351D19 /* LaunchScreen.storyboard in Resources */,
				99DDEACD25B7EB9D00351D19 /* Preview Assets.xcassets in Resources */,
				99DDEACA25B7EB9D00351D19 /* Assets.xcassets in Resources */,
			);
			runOnlyForDeploymentPostprocessing = 0;
		};
		99DDEAD425B7EB9D00351D19 /* Resources */ = {
			isa = PBXResourcesBuildPhase;
			buildActionMask = 2147483647;
			files = (
			);
			runOnlyForDeploymentPostprocessing = 0;
		};
		99DDEADF25B7EB9D00351D19 /* Resources */ = {
			isa = PBXResourcesBuildPhase;
			buildActionMask = 2147483647;
			files = (
			);
			runOnlyForDeploymentPostprocessing = 0;
		};
/* End PBXResourcesBuildPhase section */

/* Begin PBXSourcesBuildPhase section */
		99DDEABC25B7EB9C00351D19 /* Sources */ = {
			isa = PBXSourcesBuildPhase;
			buildActionMask = 2147483647;
			files = (
				99DDEAC425B7EB9C00351D19 /* AppDelegate.swift in Sources */,
				99DDEAC625B7EB9C00351D19 /* SceneDelegate.swift in Sources */,
				997D84ED25BC39E7002CB024 /* Test.swift in Sources */,
				99CD4BCA25BFB04E0029F3EE /* SplashScreen.swift in Sources */,
				9927668025C12DFC0005023C /* Ideas.swift in Sources */,
				9927668A25C213A70005023C /* Reminders.swift in Sources */,
				99CD4BCF25BFB25D0029F3EE /* Settings.swift in Sources */,
				99DDEAC825B7EB9C00351D19 /* Home.swift in Sources */,
				99C344F125B9F90900C97D4E /* Create.swift in Sources */,
				9927668525C20C590005023C /* Groups.swift in Sources */,
			);
			runOnlyForDeploymentPostprocessing = 0;
		};
		99DDEAD225B7EB9D00351D19 /* Sources */ = {
			isa = PBXSourcesBuildPhase;
			buildActionMask = 2147483647;
			files = (
				99DDEADB25B7EB9D00351D19 /* HabitappTests.swift in Sources */,
			);
			runOnlyForDeploymentPostprocessing = 0;
		};
		99DDEADD25B7EB9D00351D19 /* Sources */ = {
			isa = PBXSourcesBuildPhase;
			buildActionMask = 2147483647;
			files = (
				99DDEAE625B7EB9D00351D19 /* HabitappUITests.swift in Sources */,
			);
			runOnlyForDeploymentPostprocessing = 0;
		};
/* End PBXSourcesBuildPhase section */

/* Begin PBXTargetDependency section */
		99DDEAD825B7EB9D00351D19 /* PBXTargetDependency */ = {
			isa = PBXTargetDependency;
			target = 99DDEABF25B7EB9C00351D19 /* Habitapp */;
			targetProxy = 99DDEAD725B7EB9D00351D19 /* PBXContainerItemProxy */;
		};
		99DDEAE325B7EB9D00351D19 /* PBXTargetDependency */ = {
			isa = PBXTargetDependency;
			target = 99DDEABF25B7EB9C00351D19 /* Habitapp */;
			targetProxy = 99DDEAE225B7EB9D00351D19 /* PBXContainerItemProxy */;
		};
/* End PBXTargetDependency section */

/* Begin PBXVariantGroup section */
		99DDEACE25B7EB9D00351D19 /* LaunchScreen.storyboard */ = {
			isa = PBXVariantGroup;
			children = (
				99DDEACF25B7EB9D00351D19 /* Base */,
			);
			name = LaunchScreen.storyboard;
			sourceTree = "<group>";
		};
/* End PBXVariantGroup section */

/* Begin XCBuildConfiguration section */
		99DDEAE825B7EB9D00351D19 /* Debug */ = {
			isa = XCBuildConfiguration;
			buildSettings = {
				ALWAYS_SEARCH_USER_PATHS = NO;
				CLANG_ANALYZER_NONNULL = YES;
				CLANG_ANALYZER_NUMBER_OBJECT_CONVERSION = YES_AGGRESSIVE;
				CLANG_CXX_LANGUAGE_STANDARD = "gnu++14";
				CLANG_CXX_LIBRARY = "libc++";
				CLANG_ENABLE_MODULES = YES;
				CLANG_ENABLE_OBJC_ARC = YES;
				CLANG_ENABLE_OBJC_WEAK = YES;
				CLANG_WARN_BLOCK_CAPTURE_AUTORELEASING = YES;
				CLANG_WARN_BOOL_CONVERSION = YES;
				CLANG_WARN_COMMA = YES;
				CLANG_WARN_CONSTANT_CONVERSION = YES;
				CLANG_WARN_DEPRECATED_OBJC_IMPLEMENTATIONS = YES;
				CLANG_WARN_DIRECT_OBJC_ISA_USAGE = YES_ERROR;
				CLANG_WARN_DOCUMENTATION_COMMENTS = YES;
				CLANG_WARN_EMPTY_BODY = YES;
				CLANG_WARN_ENUM_CONVERSION = YES;
				CLANG_WARN_INFINITE_RECURSION = YES;
				CLANG_WARN_INT_CONVERSION = YES;
				CLANG_WARN_NON_LITERAL_NULL_CONVERSION = YES;
				CLANG_WARN_OBJC_IMPLICIT_RETAIN_SELF = YES;
				CLANG_WARN_OBJC_LITERAL_CONVERSION = YES;
				CLANG_WARN_OBJC_ROOT_CLASS = YES_ERROR;
				CLANG_WARN_QUOTED_INCLUDE_IN_FRAMEWORK_HEADER = YES;
				CLANG_WARN_RANGE_LOOP_ANALYSIS = YES;
				CLANG_WARN_STRICT_PROTOTYPES = YES;
				CLANG_WARN_SUSPICIOUS_MOVE = YES;
				CLANG_WARN_UNGUARDED_AVAILABILITY = YES_AGGRESSIVE;
				CLANG_WARN_UNREACHABLE_CODE = YES;
				CLANG_WARN__DUPLICATE_METHOD_MATCH = YES;
				COPY_PHASE_STRIP = NO;
				DEBUG_INFORMATION_FORMAT = dwarf;
				ENABLE_STRICT_OBJC_MSGSEND = YES;
				ENABLE_TESTABILITY = YES;
				GCC_C_LANGUAGE_STANDARD = gnu11;
				GCC_DYNAMIC_NO_PIC = NO;
				GCC_NO_COMMON_BLOCKS = YES;
				GCC_OPTIMIZATION_LEVEL = 0;
				GCC_PREPROCESSOR_DEFINITIONS = (
					"DEBUG=1",
					"$(inherited)",
				);
				GCC_WARN_64_TO_32_BIT_CONVERSION = YES;
				GCC_WARN_ABOUT_RETURN_TYPE = YES_ERROR;
				GCC_WARN_UNDECLARED_SELECTOR = YES;
				GCC_WARN_UNINITIALIZED_AUTOS = YES_AGGRESSIVE;
				GCC_WARN_UNUSED_FUNCTION = YES;
				GCC_WARN_UNUSED_VARIABLE = YES;
				IPHONEOS_DEPLOYMENT_TARGET = 14.3;
				MTL_ENABLE_DEBUG_INFO = INCLUDE_SOURCE;
				MTL_FAST_MATH = YES;
				ONLY_ACTIVE_ARCH = YES;
				SDKROOT = iphoneos;
				SWIFT_ACTIVE_COMPILATION_CONDITIONS = DEBUG;
				SWIFT_OPTIMIZATION_LEVEL = "-Onone";
			};
			name = Debug;
		};
		99DDEAE925B7EB9D00351D19 /* Release */ = {
			isa = XCBuildConfiguration;
			buildSettings = {
				ALWAYS_SEARCH_USER_PATHS = NO;
				CLANG_ANALYZER_NONNULL = YES;
				CLANG_ANALYZER_NUMBER_OBJECT_CONVERSION = YES_AGGRESSIVE;
				CLANG_CXX_LANGUAGE_STANDARD = "gnu++14";
				CLANG_CXX_LIBRARY = "libc++";
				CLANG_ENABLE_MODULES = YES;
				CLANG_ENABLE_OBJC_ARC = YES;
				CLANG_ENABLE_OBJC_WEAK = YES;
				CLANG_WARN_BLOCK_CAPTURE_AUTORELEASING = YES;
				CLANG_WARN_BOOL_CONVERSION = YES;
				CLANG_WARN_COMMA = YES;
				CLANG_WARN_CONSTANT_CONVERSION = YES;
				CLANG_WARN_DEPRECATED_OBJC_IMPLEMENTATIONS = YES;
				CLANG_WARN_DIRECT_OBJC_ISA_USAGE = YES_ERROR;
				CLANG_WARN_DOCUMENTATION_COMMENTS = YES;
				CLANG_WARN_EMPTY_BODY = YES;
				CLANG_WARN_ENUM_CONVERSION = YES;
				CLANG_WARN_INFINITE_RECURSION = YES;
				CLANG_WARN_INT_CONVERSION = YES;
				CLANG_WARN_NON_LITERAL_NULL_CONVERSION = YES;
				CLANG_WARN_OBJC_IMPLICIT_RETAIN_SELF = YES;
				CLANG_WARN_OBJC_LITERAL_CONVERSION = YES;
				CLANG_WARN_OBJC_ROOT_CLASS = YES_ERROR;
				CLANG_WARN_QUOTED_INCLUDE_IN_FRAMEWORK_HEADER = YES;
				CLANG_WARN_RANGE_LOOP_ANALYSIS = YES;
				CLANG_WARN_STRICT_PROTOTYPES = YES;
				CLANG_WARN_SUSPICIOUS_MOVE = YES;
				CLANG_WARN_UNGUARDED_AVAILABILITY = YES_AGGRESSIVE;
				CLANG_WARN_UNREACHABLE_CODE = YES;
				CLANG_WARN__DUPLICATE_METHOD_MATCH = YES;
				COPY_PHASE_STRIP = NO;
				DEBUG_INFORMATION_FORMAT = "dwarf-with-dsym";
				ENABLE_NS_ASSERTIONS = NO;
				ENABLE_STRICT_OBJC_MSGSEND = YES;
				GCC_C_LANGUAGE_STANDARD = gnu11;
				GCC_NO_COMMON_BLOCKS = YES;
				GCC_WARN_64_TO_32_BIT_CONVERSION = YES;
				GCC_WARN_ABOUT_RETURN_TYPE = YES_ERROR;
				GCC_WARN_UNDECLARED_SELECTOR = YES;
				GCC_WARN_UNINITIALIZED_AUTOS = YES_AGGRESSIVE;
				GCC_WARN_UNUSED_FUNCTION = YES;
				GCC_WARN_UNUSED_VARIABLE = YES;
				IPHONEOS_DEPLOYMENT_TARGET = 14.3;
				MTL_ENABLE_DEBUG_INFO = NO;
				MTL_FAST_MATH = YES;
				SDKROOT = iphoneos;
				SWIFT_COMPILATION_MODE = wholemodule;
				SWIFT_OPTIMIZATION_LEVEL = "-O";
				VALIDATE_PRODUCT = YES;
			};
			name = Release;
		};
		99DDEAEB25B7EB9D00351D19 /* Debug */ = {
			isa = XCBuildConfiguration;
			buildSettings = {
				ASSETCATALOG_COMPILER_APPICON_NAME = AppIcon;
				ASSETCATALOG_COMPILER_GLOBAL_ACCENT_COLOR_NAME = AccentColor;
				CODE_SIGN_STYLE = Automatic;
				DEVELOPMENT_ASSET_PATHS = "\"Habitapp/Preview Content\"";
				DEVELOPMENT_TEAM = DPK379U73T;
				ENABLE_PREVIEWS = YES;
				INFOPLIST_FILE = Habitapp/Info.plist;
				LD_RUNPATH_SEARCH_PATHS = (
					"$(inherited)",
					"@executable_path/Frameworks",
				);
				PRODUCT_BUNDLE_IDENTIFIER = BSD.Habitapp;
				PRODUCT_NAME = "$(TARGET_NAME)";
				SWIFT_VERSION = 5.0;
				TARGETED_DEVICE_FAMILY = "1,2";
			};
			name = Debug;
		};
		99DDEAEC25B7EB9D00351D19 /* Release */ = {
			isa = XCBuildConfiguration;
			buildSettings = {
				ASSETCATALOG_COMPILER_APPICON_NAME = AppIcon;
				ASSETCATALOG_COMPILER_GLOBAL_ACCENT_COLOR_NAME = AccentColor;
				CODE_SIGN_STYLE = Automatic;
				DEVELOPMENT_ASSET_PATHS = "\"Habitapp/Preview Content\"";
				DEVELOPMENT_TEAM = DPK379U73T;
				ENABLE_PREVIEWS = YES;
				INFOPLIST_FILE = Habitapp/Info.plist;
				LD_RUNPATH_SEARCH_PATHS = (
					"$(inherited)",
					"@executable_path/Frameworks",
				);
				PRODUCT_BUNDLE_IDENTIFIER = BSD.Habitapp;
				PRODUCT_NAME = "$(TARGET_NAME)";
				SWIFT_VERSION = 5.0;
				TARGETED_DEVICE_FAMILY = "1,2";
			};
			name = Release;
		};
		99DDEAEE25B7EB9D00351D19 /* Debug */ = {
			isa = XCBuildConfiguration;
			buildSettings = {
				ALWAYS_EMBED_SWIFT_STANDARD_LIBRARIES = YES;
				BUNDLE_LOADER = "$(TEST_HOST)";
				CODE_SIGN_STYLE = Automatic;
				DEVELOPMENT_TEAM = DPK379U73T;
				INFOPLIST_FILE = HabitappTests/Info.plist;
				IPHONEOS_DEPLOYMENT_TARGET = 14.3;
				LD_RUNPATH_SEARCH_PATHS = (
					"$(inherited)",
					"@executable_path/Frameworks",
					"@loader_path/Frameworks",
				);
				PRODUCT_BUNDLE_IDENTIFIER = BSD.HabitappTests;
				PRODUCT_NAME = "$(TARGET_NAME)";
				SWIFT_VERSION = 5.0;
				TARGETED_DEVICE_FAMILY = "1,2";
				TEST_HOST = "$(BUILT_PRODUCTS_DIR)/Habitapp.app/Habitapp";
			};
			name = Debug;
		};
		99DDEAEF25B7EB9D00351D19 /* Release */ = {
			isa = XCBuildConfiguration;
			buildSettings = {
				ALWAYS_EMBED_SWIFT_STANDARD_LIBRARIES = YES;
				BUNDLE_LOADER = "$(TEST_HOST)";
				CODE_SIGN_STYLE = Automatic;
				DEVELOPMENT_TEAM = DPK379U73T;
				INFOPLIST_FILE = HabitappTests/Info.plist;
				IPHONEOS_DEPLOYMENT_TARGET = 14.3;
				LD_RUNPATH_SEARCH_PATHS = (
					"$(inherited)",
					"@executable_path/Frameworks",
					"@loader_path/Frameworks",
				);
				PRODUCT_BUNDLE_IDENTIFIER = BSD.HabitappTests;
				PRODUCT_NAME = "$(TARGET_NAME)";
				SWIFT_VERSION = 5.0;
				TARGETED_DEVICE_FAMILY = "1,2";
				TEST_HOST = "$(BUILT_PRODUCTS_DIR)/Habitapp.app/Habitapp";
			};
			name = Release;
		};
		99DDEAF125B7EB9D00351D19 /* Debug */ = {
			isa = XCBuildConfiguration;
			buildSettings = {
				ALWAYS_EMBED_SWIFT_STANDARD_LIBRARIES = YES;
				CODE_SIGN_STYLE = Automatic;
				DEVELOPMENT_TEAM = DPK379U73T;
				INFOPLIST_FILE = HabitappUITests/Info.plist;
				LD_RUNPATH_SEARCH_PATHS = (
					"$(inherited)",
					"@executable_path/Frameworks",
					"@loader_path/Frameworks",
				);
				PRODUCT_BUNDLE_IDENTIFIER = BSD.HabitappUITests;
				PRODUCT_NAME = "$(TARGET_NAME)";
				SWIFT_VERSION = 5.0;
				TARGETED_DEVICE_FAMILY = "1,2";
				TEST_TARGET_NAME = Habitapp;
			};
			name = Debug;
		};
		99DDEAF225B7EB9D00351D19 /* Release */ = {
			isa = XCBuildConfiguration;
			buildSettings = {
				ALWAYS_EMBED_SWIFT_STANDARD_LIBRARIES = YES;
				CODE_SIGN_STYLE = Automatic;
				DEVELOPMENT_TEAM = DPK379U73T;
				INFOPLIST_FILE = HabitappUITests/Info.plist;
				LD_RUNPATH_SEARCH_PATHS = (
					"$(inherited)",
					"@executable_path/Frameworks",
					"@loader_path/Frameworks",
				);
				PRODUCT_BUNDLE_IDENTIFIER = BSD.HabitappUITests;
				PRODUCT_NAME = "$(TARGET_NAME)";
				SWIFT_VERSION = 5.0;
				TARGETED_DEVICE_FAMILY = "1,2";
				TEST_TARGET_NAME = Habitapp;
			};
			name = Release;
		};
/* End XCBuildConfiguration section */

/* Begin XCConfigurationList section */
		99DDEABB25B7EB9C00351D19 /* Build configuration list for PBXProject "Habitapp" */ = {
			isa = XCConfigurationList;
			buildConfigurations = (
				99DDEAE825B7EB9D00351D19 /* Debug */,
				99DDEAE925B7EB9D00351D19 /* Release */,
			);
			defaultConfigurationIsVisible = 0;
			defaultConfigurationName = Release;
		};
		99DDEAEA25B7EB9D00351D19 /* Build configuration list for PBXNativeTarget "Habitapp" */ = {
			isa = XCConfigurationList;
			buildConfigurations = (
				99DDEAEB25B7EB9D00351D19 /* Debug */,
				99DDEAEC25B7EB9D00351D19 /* Release */,
			);
			defaultConfigurationIsVisible = 0;
			defaultConfigurationName = Release;
		};
		99DDEAED25B7EB9D00351D19 /* Build configuration list for PBXNativeTarget "HabitappTests" */ = {
			isa = XCConfigurationList;
			buildConfigurations = (
				99DDEAEE25B7EB9D00351D19 /* Debug */,
				99DDEAEF25B7EB9D00351D19 /* Release */,
			);
			defaultConfigurationIsVisible = 0;
			defaultConfigurationName = Release;
		};
		99DDEAF025B7EB9D00351D19 /* Build configuration list for PBXNativeTarget "HabitappUITests" */ = {
			isa = XCConfigurationList;
			buildConfigurations = (
				99DDEAF125B7EB9D00351D19 /* Debug */,
				99DDEAF225B7EB9D00351D19 /* Release */,
			);
			defaultConfigurationIsVisible = 0;
			defaultConfigurationName = Release;
		};
/* End XCConfigurationList section */
	};
	rootObject = 99DDEAB825B7EB9C00351D19 /* Project object */;
}
